
Microsoft Visual Studio Solution File, Format Version 12.00
# Visual Studio Version 17
VisualStudioVersion = 17.5.002.0
MinimumVisualStudioVersion = 10.0.40219.1
Project("{2150E333-8FDC-42A3-9474-1A3956D46DE8}") = "test", "test", "{B88F2D6A-21FD-4923-AA37-F18D1512B281}"
EndProject
Project("{2150E333-8FDC-42A3-9474-1A3956D46DE8}") = ".net", ".net", "{004F4DE0-C796-4F5E-BBAF-CEB505E504B8}"
EndProject
Project("{9A19103F-16F7-4668-BE54-9A1E7A4F7556}") = "AppConsole", "test\.net\AppConsole\AppConsole.csproj", "{2E4D5EBD-4876-4C2F-B853-D306E971A2F9}"
EndProject
Global
	GlobalSection(SolutionConfigurationPlatforms) = preSolution
		Debug|Any CPU = Debug|Any CPU
		Release|Any CPU = Release|Any CPU
	EndGlobalSection
	GlobalSection(ProjectConfigurationPlatforms) = postSolution
		{2E4D5EBD-4876-4C2F-B853-D306E971A2F9}.Debug|Any CPU.ActiveCfg = Debug|Any CPU
		{2E4D5EBD-4876-4C2F-B853-D306E971A2F9}.Debug|Any CPU.Build.0 = Debug|Any CPU
		{2E4D5EBD-4876-4C2F-B853-D306E971A2F9}.Release|Any CPU.ActiveCfg = Release|Any CPU
		{2E4D5EBD-4876-4C2F-B853-D306E971A2F9}.Release|Any CPU.Build.0 = Release|Any CPU
	EndGlobalSection
	GlobalSection(SolutionProperties) = preSolution
		HideSolutionNode = FALSE
	EndGlobalSection
	GlobalSection(NestedProjects) = preSolution
		{004F4DE0-C796-4F5E-BBAF-CEB505E504B8} = {B88F2D6A-21FD-4923-AA37-F18D1512B281}
		{2E4D5EBD-4876-4C2F-B853-D306E971A2F9} = {004F4DE0-C796-4F5E-BBAF-CEB505E504B8}
	EndGlobalSection
	GlobalSection(ExtensibilityGlobals) = postSolution
		SolutionGuid = {C5550D0A-78C1-48C1-B14B-198DC69E4535}
	EndGlobalSection
EndGlobal
