Microsoft Visual Studio Solution File, Format Version 12.00
# Visual Studio Version 16
VisualStudioVersion = 16.0.0.0
MinimumVisualStudioVersion = 16.0.0.0
Project("{9A19103F-16F7-4668-BE54-9A1E7A4F7556}") = "Gpta.Ticketing.Web.Server", "Server\Gpta.Ticketing.Web.Server.csproj", "{340234D5-41C7-4D09-ADE5-222C6AD16C45}"
EndProject
Project("{9A19103F-16F7-4668-BE54-9A1E7A4F7556}") = "Gpta.Ticketing.Web.Client", "Client\Gpta.Ticketing.Web.Client.csproj", "{C19A51F2-775E-45AF-BDD4-32AAEC2DA152}"
EndProject
Project("{9A19103F-16F7-4668-BE54-9A1E7A4F7556}") = "Gpta.Ticketing.Web.Shared", "Shared\Gpta.Ticketing.Web.Shared.csproj", "{7A663C4F-D267-4767-A745-92EB70578100}"
EndProject
Global
	GlobalSection(SolutionConfigurationPlatforms) = preSolution
		Debug|Any CPU = Debug|Any CPU
		Debug|x64 = Debug|x64
		Debug|x86 = Debug|x86
		Release|Any CPU = Release|Any CPU
		Release|x64 = Release|x64
		Release|x86 = Release|x86
	EndGlobalSection
	GlobalSection(ProjectConfigurationPlatforms) = postSolution
		{C19A51F2-775E-45AF-BDD4-32AAEC2DA152}.Debug|Any CPU.ActiveCfg = Debug|Any CPU
		{C19A51F2-775E-45AF-BDD4-32AAEC2DA152}.Debug|Any CPU.Build.0 = Debug|Any CPU
		{C19A51F2-775E-45AF-BDD4-32AAEC2DA152}.Debug|x64.ActiveCfg = Debug|Any CPU
		{C19A51F2-775E-45AF-BDD4-32AAEC2DA152}.Debug|x64.Build.0 = Debug|Any CPU
		{C19A51F2-775E-45AF-BDD4-32AAEC2DA152}.Debug|x86.ActiveCfg = Debug|Any CPU
		{C19A51F2-775E-45AF-BDD4-32AAEC2DA152}.Debug|x86.Build.0 = Debug|Any CPU
		{C19A51F2-775E-45AF-BDD4-32AAEC2DA152}.Release|Any CPU.ActiveCfg = Release|Any CPU
		{C19A51F2-775E-45AF-BDD4-32AAEC2DA152}.Release|Any CPU.Build.0 = Release|Any CPU
		{C19A51F2-775E-45AF-BDD4-32AAEC2DA152}.Release|x64.ActiveCfg = Release|Any CPU
		{C19A51F2-775E-45AF-BDD4-32AAEC2DA152}.Release|x64.Build.0 = Release|Any CPU
		{C19A51F2-775E-45AF-BDD4-32AAEC2DA152}.Release|x86.ActiveCfg = Release|Any CPU
		{C19A51F2-775E-45AF-BDD4-32AAEC2DA152}.Release|x86.Build.0 = Release|Any CPU
		{340234D5-41C7-4D09-ADE5-222C6AD16C45}.Debug|Any CPU.ActiveCfg = Debug|Any CPU
		{340234D5-41C7-4D09-ADE5-222C6AD16C45}.Debug|Any CPU.Build.0 = Debug|Any CPU
		{340234D5-41C7-4D09-ADE5-222C6AD16C45}.Debug|x64.ActiveCfg = Debug|Any CPU
		{340234D5-41C7-4D09-ADE5-222C6AD16C45}.Debug|x64.Build.0 = Debug|Any CPU
		{340234D5-41C7-4D09-ADE5-222C6AD16C45}.Debug|x86.ActiveCfg = Debug|Any CPU
		{340234D5-41C7-4D09-ADE5-222C6AD16C45}.Debug|x86.Build.0 = Debug|Any CPU
		{340234D5-41C7-4D09-ADE5-222C6AD16C45}.Release|Any CPU.ActiveCfg = Release|Any CPU
		{340234D5-41C7-4D09-ADE5-222C6AD16C45}.Release|Any CPU.Build.0 = Release|Any CPU
		{340234D5-41C7-4D09-ADE5-222C6AD16C45}.Release|x64.ActiveCfg = Release|Any CPU
		{340234D5-41C7-4D09-ADE5-222C6AD16C45}.Release|x64.Build.0 = Release|Any CPU
		{340234D5-41C7-4D09-ADE5-222C6AD16C45}.Release|x86.ActiveCfg = Release|Any CPU
		{340234D5-41C7-4D09-ADE5-222C6AD16C45}.Release|x86.Build.0 = Release|Any CPU
		{7A663C4F-D267-4767-A745-92EB70578100}.Debug|Any CPU.ActiveCfg = Debug|Any CPU
		{7A663C4F-D267-4767-A745-92EB70578100}.Debug|Any CPU.Build.0 = Debug|Any CPU
		{7A663C4F-D267-4767-A745-92EB70578100}.Debug|x64.ActiveCfg = Debug|Any CPU
		{7A663C4F-D267-4767-A745-92EB70578100}.Debug|x64.Build.0 = Debug|Any CPU
		{7A663C4F-D267-4767-A745-92EB70578100}.Debug|x86.ActiveCfg = Debug|Any CPU
		{7A663C4F-D267-4767-A745-92EB70578100}.Debug|x86.Build.0 = Debug|Any CPU
		{7A663C4F-D267-4767-A745-92EB70578100}.Release|Any CPU.ActiveCfg = Release|Any CPU
		{7A663C4F-D267-4767-A745-92EB70578100}.Release|Any CPU.Build.0 = Release|Any CPU
		{7A663C4F-D267-4767-A745-92EB70578100}.Release|x64.ActiveCfg = Release|Any CPU
		{7A663C4F-D267-4767-A745-92EB70578100}.Release|x64.Build.0 = Release|Any CPU
		{7A663C4F-D267-4767-A745-92EB70578100}.Release|x86.ActiveCfg = Release|Any CPU
		{7A663C4F-D267-4767-A745-92EB70578100}.Release|x86.Build.0 = Release|Any CPU
	EndGlobalSection
	GlobalSection(SolutionProperties) = preSolution
		HideSolutionNode = FALSE
	EndGlobalSection
	GlobalSection(ExtensibilityGlobals) = postSolution
		SolutionGuid = {CC8D25A5-18C4-4276-8106-434DA618B6D0}
	EndGlobalSection
EndGlobal